
Microsoft Visual Studio Solution File, Format Version 12.00
# Visual Studio Version 17
VisualStudioVersion = 17.3.32819.101
MinimumVisualStudioVersion = 10.0.40219.1
Project("{FAE04EC0-301F-11D3-BF4B-00C04F79EFBC}") = "MediaAluno", "MediaAluno\MediaAluno.csproj", "{20419430-D642-45CC-BB80-16A00F968E57}"
EndProject
Global
	GlobalSection(SolutionConfigurationPlatforms) = preSolution
		Debug|Any CPU = Debug|Any CPU
		Release|Any CPU = Release|Any CPU
	EndGlobalSection
	GlobalSection(ProjectConfigurationPlatforms) = postSolution
		{20419430-D642-45CC-BB80-16A00F968E57}.Debug|Any CPU.ActiveCfg = Debug|Any CPU
		{20419430-D642-45CC-BB80-16A00F968E57}.Debug|Any CPU.Build.0 = Debug|Any CPU
		{20419430-D642-45CC-BB80-16A00F968E57}.Release|Any CPU.ActiveCfg = Release|Any CPU
		{20419430-D642-45CC-BB80-16A00F968E57}.Release|Any CPU.Build.0 = Release|Any CPU
	EndGlobalSection
	GlobalSection(SolutionProperties) = preSolution
		HideSolutionNode = FALSE
	EndGlobalSection
	GlobalSection(ExtensibilityGlobals) = postSolution
		SolutionGuid = {893A9B9B-C463-4989-83F0-08D4D0490BF5}
	EndGlobalSection
EndGlobal
